{
    "_readme": [
        "This file locks the dependencies of your project to a known state",
        "Read more about it at https://getcomposer.org/doc/01-basic-usage.md#composer-lock-the-lock-file",
        "This file is @generated automatically"
    ],
    "hash": "34627bdee18f8386d0c224abb3c312b9",
    "packages": [
        {
            "name": "hprose/hprose",
            "version": "v1.5.5",
            "source": {
                "type": "git",
                "url": "https://github.com/hprose/hprose-php.git",
                "reference": "cbd06be8160a9c7ebb9436c686a3ea02343f18fb"
            },
            "dist": {
                "type": "zip",
                "url": "https://api.github.com/repos/hprose/hprose-php/zipball/cbd06be8160a9c7ebb9436c686a3ea02343f18fb",
                "reference": "cbd06be8160a9c7ebb9436c686a3ea02343f18fb",
                "shasum": ""
            },
            "require": {
                "php": ">=5.3.0"
            },
            "type": "library",
            "autoload": {
                "files": [
                    "src/Hprose.php"
                ]
            },
            "notification-url": "https://packagist.org/downloads/",
            "license": [
                "MIT"
            ],
            "authors": [
                {
                    "name": "Ma Bingyao",
                    "email": "andot@hprose.com",
                    "homepage": "http://hprose.com",
                    "role": "Developer"
                }
            ],
            "description": "It is a modern, lightweight, cross-language, cross-platform, object-oriented, high performance, remote dynamic communication middleware. It is not only easy to use, but powerful. You just need a little time to learn, then you can use it to easily construct cross language cross platform distributed application system.",
            "homepage": "http://hprose.com/",
            "keywords": [
                "Hprose",
                "phprpc",
                "rpc",
                "webservice"
            ],
            "time": "2015-06-16 13:49:33"
        },
        {
            "name": "knplabs/knp-menu",
            "version": "v2.0.1",
            "source": {
                "type": "git",
                "url": "https://github.com/KnpLabs/KnpMenu.git",
                "reference": "5758d0026d7ed00c8dd4727e413918cf2dc74c1a"
            },
            "dist": {
                "type": "zip",
                "url": "https://api.github.com/repos/KnpLabs/KnpMenu/zipball/5758d0026d7ed00c8dd4727e413918cf2dc74c1a",
                "reference": "5758d0026d7ed00c8dd4727e413918cf2dc74c1a",
                "shasum": ""
            },
            "require": {
                "php": ">=5.3.0"
            },
            "require-dev": {
                "pimple/pimple": "1.0.*",
                "silex/silex": "1.0.*",
                "twig/twig": ">=1.2,<2.0-dev"
            },
            "suggest": {
                "pimple/pimple": "for the built-in implementations of the menu provider and renderer provider",
                "silex/silex": "for the integration with your silex application",
                "twig/twig": "for the TwigRenderer and the integration with your templates"
            },
            "type": "library",
            "extra": {
                "branch-alias": {
                    "dev-master": "2.0.x-dev"
                }
            },
            "autoload": {
                "psr-0": {
                    "Knp\\Menu\\": "src/"
                }
            },
            "notification-url": "https://packagist.org/downloads/",
            "license": [
                "MIT"
            ],
            "authors": [
                {
                    "name": "Christophe Coevoet",
                    "email": "stof@notk.org"
                },
                {
                    "name": "KnpLabs",
                    "homepage": "http://knplabs.com"
                },
                {
                    "name": "Symfony Community",
                    "homepage": "https://github.com/KnpLabs/KnpMenu/contributors"
                }
            ],
            "description": "An object oriented menu library",
            "homepage": "http://knplabs.com",
            "keywords": [
                "menu",
                "tree"
            ],
            "time": "2014-08-01 09:50:16"
        }
    ],
    "packages-dev": [],
    "aliases": [],
    "minimum-stability": "stable",
    "stability-flags": [],
    "prefer-stable": false,
    "prefer-lowest": false,
    "platform": [],
    "platform-dev": []
}
